
Microsoft Visual Studio Solution File, Format Version 12.00
# Visual Studio 15
VisualStudioVersion = 15.0.27703.2047
MinimumVisualStudioVersion = 10.0.40219.1
Project("{F184B08F-C81C-45F6-A57F-5ABD9991F28F}") = "WindowsApp12", "WindowsApp12\WindowsApp12.vbproj", "{A5FC095C-BDC6-4D64-BBE0-516E8D743896}"
EndProject
Global
	GlobalSection(SolutionConfigurationPlatforms) = preSolution
		Debug|Any CPU = Debug|Any CPU
		Release|Any CPU = Release|Any CPU
	EndGlobalSection
	GlobalSection(ProjectConfigurationPlatforms) = postSolution
		{A5FC095C-BDC6-4D64-BBE0-516E8D743896}.Debug|Any CPU.ActiveCfg = Debug|Any CPU
		{A5FC095C-BDC6-4D64-BBE0-516E8D743896}.Debug|Any CPU.Build.0 = Debug|Any CPU
		{A5FC095C-BDC6-4D64-BBE0-516E8D743896}.Release|Any CPU.ActiveCfg = Release|Any CPU
		{A5FC095C-BDC6-4D64-BBE0-516E8D743896}.Release|Any CPU.Build.0 = Release|Any CPU
	EndGlobalSection
	GlobalSection(SolutionProperties) = preSolution
		HideSolutionNode = FALSE
	EndGlobalSection
	GlobalSection(ExtensibilityGlobals) = postSolution
		SolutionGuid = {59202258-40E9-4FDC-9A70-DD91B17C0988}
	EndGlobalSection
EndGlobal
